
Microsoft Visual Studio Solution File, Format Version 12.00
# Visual Studio Version 17
VisualStudioVersion = 17.12.35527.113 d17.12
MinimumVisualStudioVersion = 10.0.40219.1
Project("{FAE04EC0-301F-11D3-BF4B-00C04F79EFBC}") = "PCoor_Ramos.Domain", "PCoor_Ramos.Domain\PCoor_Ramos.Domain.csproj", "{28B16228-04B0-4EF1-8548-3FBF877FB652}"
EndProject
Project("{FAE04EC0-301F-11D3-BF4B-00C04F79EFBC}") = "PCoor_Ramos.Application", "PCoor_Ramos.Application\PCoor_Ramos.Application.csproj", "{DF0CD2F0-C737-4969-B0E3-A1D1CE55765F}"
EndProject
Project("{FAE04EC0-301F-11D3-BF4B-00C04F79EFBC}") = "PCoor_Ramos.Infrastructure", "PCoor_Ramos.Infrastructure\PCoor_Ramos.Infrastructure.csproj", "{2834FD5C-5D60-4BEB-891D-1B718BED2D99}"
EndProject
Project("{FAE04EC0-301F-11D3-BF4B-00C04F79EFBC}") = "PCoor_Ramos.Web", "PCoor_Ramos.Web\PCoor_Ramos.Web.csproj", "{C5B86E5A-D59E-463D-951A-0CAF077B5C10}"
EndProject
Global
	GlobalSection(SolutionConfigurationPlatforms) = preSolution
		Debug|Any CPU = Debug|Any CPU
		Release|Any CPU = Release|Any CPU
	EndGlobalSection
	GlobalSection(ProjectConfigurationPlatforms) = postSolution
		{28B16228-04B0-4EF1-8548-3FBF877FB652}.Debug|Any CPU.ActiveCfg = Debug|Any CPU
		{28B16228-04B0-4EF1-8548-3FBF877FB652}.Debug|Any CPU.Build.0 = Debug|Any CPU
		{28B16228-04B0-4EF1-8548-3FBF877FB652}.Release|Any CPU.ActiveCfg = Release|Any CPU
		{28B16228-04B0-4EF1-8548-3FBF877FB652}.Release|Any CPU.Build.0 = Release|Any CPU
		{DF0CD2F0-C737-4969-B0E3-A1D1CE55765F}.Debug|Any CPU.ActiveCfg = Debug|Any CPU
		{DF0CD2F0-C737-4969-B0E3-A1D1CE55765F}.Debug|Any CPU.Build.0 = Debug|Any CPU
		{DF0CD2F0-C737-4969-B0E3-A1D1CE55765F}.Release|Any CPU.ActiveCfg = Release|Any CPU
		{DF0CD2F0-C737-4969-B0E3-A1D1CE55765F}.Release|Any CPU.Build.0 = Release|Any CPU
		{2834FD5C-5D60-4BEB-891D-1B718BED2D99}.Debug|Any CPU.ActiveCfg = Debug|Any CPU
		{2834FD5C-5D60-4BEB-891D-1B718BED2D99}.Debug|Any CPU.Build.0 = Debug|Any CPU
		{2834FD5C-5D60-4BEB-891D-1B718BED2D99}.Release|Any CPU.ActiveCfg = Release|Any CPU
		{2834FD5C-5D60-4BEB-891D-1B718BED2D99}.Release|Any CPU.Build.0 = Release|Any CPU
		{C5B86E5A-D59E-463D-951A-0CAF077B5C10}.Debug|Any CPU.ActiveCfg = Debug|Any CPU
		{C5B86E5A-D59E-463D-951A-0CAF077B5C10}.Debug|Any CPU.Build.0 = Debug|Any CPU
		{C5B86E5A-D59E-463D-951A-0CAF077B5C10}.Release|Any CPU.ActiveCfg = Release|Any CPU
		{C5B86E5A-D59E-463D-951A-0CAF077B5C10}.Release|Any CPU.Build.0 = Release|Any CPU
	EndGlobalSection
	GlobalSection(SolutionProperties) = preSolution
		HideSolutionNode = FALSE
	EndGlobalSection
EndGlobal
